PODS:
  - BigInt (3.0.1):
    - SipHash (~> 1.2)
  - PrimeFactors (0.1.0):
    - BigInt
  - SipHash (1.2.0)

DEPENDENCIES:
  - BigInt (~> 3.0)
  - PrimeFactors (from `../`)
  - SipHash (~> 1.2)

EXTERNAL SOURCES:
  PrimeFactors:
    :path: ../

SPEC CHECKSUMS:
  BigInt: 8e8a52161c745cd3ab78e3dc346a9fbee51e6cf6
  PrimeFactors: 8ca435ced44b6def3373cd935fe280f305562cda
  SipHash: c6e9e43e9c531b5bc6602545130c26194a6d31ce

PODFILE CHECKSUM: bcea8289a25cb6aa795f96f0d396ad02b8d2a830

COCOAPODS: 1.3.1
